// !$*UTF8*$!
{
	archiveVersion = 1;
	classes = {
	};
	objectVersion = 77;
	objects = {

/* Begin PBXContainerItemProxy section */
		82F82F802F4CB68000CA6205 /* PBXContainerItemProxy */ = {
			isa = PBXContainerItemProxy;
			containerPortal = 82F82F6A2F4CB67E00CA6205 /* Project object */;
			proxyType = 1;
			remoteGlobalIDString = 82F82F712F4CB67E00CA6205;
			remoteInfo = "SporOkonomi";
		};
		82F82F8A2F4CB68000CA6205 /* PBXContainerItemProxy */ = {
			isa = PBXContainerItemProxy;
			containerPortal = 82F82F6A2F4CB67E00CA6205 /* Project object */;
			proxyType = 1;
			remoteGlobalIDString = 82F82F712F4CB67E00CA6205;
			remoteInfo = "SporOkonomi";
		};
/* End PBXContainerItemProxy section */

/* Begin PBXFileReference section */
		82F82F722F4CB67E00CA6205 /* SporOkonomi.app */ = {isa = PBXFileReference; explicitFileType = wrapper.application; includeInIndex = 0; path = "SporOkonomi.app"; sourceTree = BUILT_PRODUCTS_DIR; };
		82F82F7F2F4CB68000CA6205 /* SporOkonomiTests.xctest */ = {isa = PBXFileReference; explicitFileType = wrapper.cfbundle; includeInIndex = 0; path = "SporOkonomiTests.xctest"; sourceTree = BUILT_PRODUCTS_DIR; };
		82F82F892F4CB68000CA6205 /* SporOkonomiUITests.xctest */ = {isa = PBXFileReference; explicitFileType = wrapper.cfbundle; includeInIndex = 0; path = "SporOkonomiUITests.xctest"; sourceTree = BUILT_PRODUCTS_DIR; };
/* End PBXFileReference section */

/* Begin PBXFileSystemSynchronizedRootGroup section */
		82F82F742F4CB67E00CA6205 /* SporOkonomi */ = {
			isa = PBXFileSystemSynchronizedRootGroup;
			path = "SporOkonomi";
			sourceTree = "<group>";
		};
		82F82F822F4CB68000CA6205 /* SporOkonomiTests */ = {
			isa = PBXFileSystemSynchronizedRootGroup;
			path = "SporOkonomiTests";
			sourceTree = "<group>";
		};
		82F82F8C2F4CB68000CA6205 /* SporOkonomiUITests */ = {
			isa = PBXFileSystemSynchronizedRootGroup;
			path = "SporOkonomiUITests";
			sourceTree = "<group>";
		};
/* End PBXFileSystemSynchronizedRootGroup section */

/* Begin PBXFrameworksBuildPhase section */
		82F82F6F2F4CB67E00CA6205 /* Frameworks */ = {
			isa = PBXFrameworksBuildPhase;
			buildActionMask = 2147483647;
			files = (
			);
			runOnlyForDeploymentPostprocessing = 0;
		};
		82F82F7C2F4CB68000CA6205 /* Frameworks */ = {
			isa = PBXFrameworksBuildPhase;
			buildActionMask = 2147483647;
			files = (
			);
			runOnlyForDeploymentPostprocessing = 0;
		};
		82F82F862F4CB68000CA6205 /* Frameworks */ = {
			isa = PBXFrameworksBuildPhase;
			buildActionMask = 2147483647;
			files = (
			);
			runOnlyForDeploymentPostprocessing = 0;
		};
/* End PBXFrameworksBuildPhase section */

/* Begin PBXGroup section */
		82F82F692F4CB67E00CA6205 = {
			isa = PBXGroup;
			children = (
				82F82F742F4CB67E00CA6205 /* SporOkonomi */,
				82F82F822F4CB68000CA6205 /* SporOkonomiTests */,
				82F82F8C2F4CB68000CA6205 /* SporOkonomiUITests */,
				82F82F732F4CB67E00CA6205 /* Products */,
			);
			sourceTree = "<group>";
		};
		82F82F732F4CB67E00CA6205 /* Products */ = {
			isa = PBXGroup;
			children = (
				82F82F722F4CB67E00CA6205 /* SporOkonomi.app */,
				82F82F7F2F4CB68000CA6205 /* SporOkonomiTests.xctest */,
				82F82F892F4CB68000CA6205 /* SporOkonomiUITests.xctest */,
			);
			name = Products;
			sourceTree = "<group>";
		};
/* End PBXGroup section */

/* Begin PBXNativeTarget section */
		82F82F712F4CB67E00CA6205 /* SporOkonomi */ = {
			isa = PBXNativeTarget;
			buildConfigurationList = 82F82F932F4CB68000CA6205 /* Build configuration list for PBXNativeTarget "SporOkonomi" */;
			buildPhases = (
				82F82F6E2F4CB67E00CA6205 /* Sources */,
				82F82F6F2F4CB67E00CA6205 /* Frameworks */,
				82F82F702F4CB67E00CA6205 /* Resources */,
			);
			buildRules = (
			);
			dependencies = (
			);
			fileSystemSynchronizedGroups = (
				82F82F742F4CB67E00CA6205 /* SporOkonomi */,
			);
			name = "SporOkonomi";
			packageProductDependencies = (
			);
			productName = "SporOkonomi";
			productReference = 82F82F722F4CB67E00CA6205 /* SporOkonomi.app */;
			productType = "com.apple.product-type.application";
		};
		82F82F7E2F4CB68000CA6205 /* SporOkonomiTests */ = {
			isa = PBXNativeTarget;
			buildConfigurationList = 82F82F962F4CB68000CA6205 /* Build configuration list for PBXNativeTarget "SporOkonomiTests" */;
			buildPhases = (
				82F82F7B2F4CB68000CA6205 /* Sources */,
				82F82F7C2F4CB68000CA6205 /* Frameworks */,
				82F82F7D2F4CB68000CA6205 /* Resources */,
			);
			buildRules = (
			);
			dependencies = (
				82F82F812F4CB68000CA6205 /* PBXTargetDependency */,
			);
			fileSystemSynchronizedGroups = (
				82F82F822F4CB68000CA6205 /* SporOkonomiTests */,
			);
			name = "SporOkonomiTests";
			packageProductDependencies = (
			);
			productName = "SporOkonomiTests";
			productReference = 82F82F7F2F4CB68000CA6205 /* SporOkonomiTests.xctest */;
			productType = "com.apple.product-type.bundle.unit-test";
		};
		82F82F882F4CB68000CA6205 /* SporOkonomiUITests */ = {
			isa = PBXNativeTarget;
			buildConfigurationList = 82F82F992F4CB68000CA6205 /* Build configuration list for PBXNativeTarget "SporOkonomiUITests" */;
			buildPhases = (
				82F82F852F4CB68000CA6205 /* Sources */,
				82F82F862F4CB68000CA6205 /* Frameworks */,
				82F82F872F4CB68000CA6205 /* Resources */,
			);
			buildRules = (
			);
			dependencies = (
				82F82F8B2F4CB68000CA6205 /* PBXTargetDependency */,
			);
			fileSystemSynchronizedGroups = (
				82F82F8C2F4CB68000CA6205 /* SporOkonomiUITests */,
			);
			name = "SporOkonomiUITests";
			packageProductDependencies = (
			);
			productName = "SporOkonomiUITests";
			productReference = 82F82F892F4CB68000CA6205 /* SporOkonomiUITests.xctest */;
			productType = "com.apple.product-type.bundle.ui-testing";
		};
/* End PBXNativeTarget section */

/* Begin PBXProject section */
		82F82F6A2F4CB67E00CA6205 /* Project object */ = {
			isa = PBXProject;
			attributes = {
				BuildIndependentTargetsInParallel = 1;
				LastSwiftUpdateCheck = 2620;
				LastUpgradeCheck = 2630;
				TargetAttributes = {
					82F82F712F4CB67E00CA6205 = {
						CreatedOnToolsVersion = 26.2;
					};
					82F82F7E2F4CB68000CA6205 = {
						CreatedOnToolsVersion = 26.2;
						TestTargetID = 82F82F712F4CB67E00CA6205;
					};
					82F82F882F4CB68000CA6205 = {
						CreatedOnToolsVersion = 26.2;
						TestTargetID = 82F82F712F4CB67E00CA6205;
					};
				};
			};
			buildConfigurationList = 82F82F6D2F4CB67E00CA6205 /* Build configuration list for PBXProject "SporOkonomi" */;
			developmentRegion = en;
			hasScannedForEncodings = 0;
			knownRegions = (
				en,
				Base,
			);
			mainGroup = 82F82F692F4CB67E00CA6205;
			minimizedProjectReferenceProxies = 1;
			preferredProjectObjectVersion = 77;
			productRefGroup = 82F82F732F4CB67E00CA6205 /* Products */;
			projectDirPath = "";
			projectRoot = "";
			targets = (
				82F82F712F4CB67E00CA6205 /* SporOkonomi */,
				82F82F7E2F4CB68000CA6205 /* SporOkonomiTests */,
				82F82F882F4CB68000CA6205 /* SporOkonomiUITests */,
			);
		};
/* End PBXProject section */

/* Begin PBXResourcesBuildPhase section */
		82F82F702F4CB67E00CA6205 /* Resources */ = {
			isa = PBXResourcesBuildPhase;
			buildActionMask = 2147483647;
			files = (
			);
			runOnlyForDeploymentPostprocessing = 0;
		};
		82F82F7D2F4CB68000CA6205 /* Resources */ = {
			isa = PBXResourcesBuildPhase;
			buildActionMask = 2147483647;
			files = (
			);
			runOnlyForDeploymentPostprocessing = 0;
		};
		82F82F872F4CB68000CA6205 /* Resources */ = {
			isa = PBXResourcesBuildPhase;
			buildActionMask = 2147483647;
			files = (
			);
			runOnlyForDeploymentPostprocessing = 0;
		};
/* End PBXResourcesBuildPhase section */

/* Begin PBXSourcesBuildPhase section */
		82F82F6E2F4CB67E00CA6205 /* Sources */ = {
			isa = PBXSourcesBuildPhase;
			buildActionMask = 2147483647;
			files = (
			);
			runOnlyForDeploymentPostprocessing = 0;
		};
		82F82F7B2F4CB68000CA6205 /* Sources */ = {
			isa = PBXSourcesBuildPhase;
			buildActionMask = 2147483647;
			files = (
			);
			runOnlyForDeploymentPostprocessing = 0;
		};
		82F82F852F4CB68000CA6205 /* Sources */ = {
			isa = PBXSourcesBuildPhase;
			buildActionMask = 2147483647;
			files = (
			);
			runOnlyForDeploymentPostprocessing = 0;
		};
/* End PBXSourcesBuildPhase section */

/* Begin PBXTargetDependency section */
		82F82F812F4CB68000CA6205 /* PBXTargetDependency */ = {
			isa = PBXTargetDependency;
			target = 82F82F712F4CB67E00CA6205 /* SporOkonomi */;
			targetProxy = 82F82F802F4CB68000CA6205 /* PBXContainerItemProxy */;
		};
		82F82F8B2F4CB68000CA6205 /* PBXTargetDependency */ = {
			isa = PBXTargetDependency;
			target = 82F82F712F4CB67E00CA6205 /* SporOkonomi */;
			targetProxy = 82F82F8A2F4CB68000CA6205 /* PBXContainerItemProxy */;
		};
/* End PBXTargetDependency section */

/* Begin XCBuildConfiguration section */
		82F82F912F4CB68000CA6205 /* Debug */ = {
			isa = XCBuildConfiguration;
			buildSettings = {
				ALWAYS_SEARCH_USER_PATHS = NO;
				ASSETCATALOG_COMPILER_GENERATE_SWIFT_ASSET_SYMBOL_EXTENSIONS = YES;
				CLANG_ANALYZER_NONNULL = YES;
				CLANG_ANALYZER_NUMBER_OBJECT_CONVERSION = YES_AGGRESSIVE;
				CLANG_CXX_LANGUAGE_STANDARD = "gnu++20";
				CLANG_ENABLE_MODULES = YES;
				CLANG_ENABLE_OBJC_ARC = YES;
				CLANG_ENABLE_OBJC_WEAK = YES;
				CLANG_WARN_BLOCK_CAPTURE_AUTORELEASING = YES;
				CLANG_WARN_BOOL_CONVERSION = YES;
				CLANG_WARN_COMMA = YES;
				CLANG_WARN_CONSTANT_CONVERSION = YES;
				CLANG_WARN_DEPRECATED_OBJC_IMPLEMENTATIONS = YES;
				CLANG_WARN_DIRECT_OBJC_ISA_USAGE = YES_ERROR;
				CLANG_WARN_DOCUMENTATION_COMMENTS = YES;
				CLANG_WARN_EMPTY_BODY = YES;
				CLANG_WARN_ENUM_CONVERSION = YES;
				CLANG_WARN_INFINITE_RECURSION = YES;
				CLANG_WARN_INT_CONVERSION = YES;
				CLANG_WARN_NON_LITERAL_NULL_CONVERSION = YES;
				CLANG_WARN_OBJC_IMPLICIT_RETAIN_SELF = YES;
				CLANG_WARN_OBJC_LITERAL_CONVERSION = YES;
				CLANG_WARN_OBJC_ROOT_CLASS = YES_ERROR;
				CLANG_WARN_QUOTED_INCLUDE_IN_FRAMEWORK_HEADER = YES;
				CLANG_WARN_RANGE_LOOP_ANALYSIS = YES;
				CLANG_WARN_STRICT_PROTOTYPES = YES;
				CLANG_WARN_SUSPICIOUS_MOVE = YES;
				CLANG_WARN_UNGUARDED_AVAILABILITY = YES_AGGRESSIVE;
				CLANG_WARN_UNREACHABLE_CODE = YES;
				CLANG_WARN__DUPLICATE_METHOD_MATCH = YES;
				COPY_PHASE_STRIP = NO;
				DEBUG_INFORMATION_FORMAT = dwarf;
				DEVELOPMENT_TEAM = K392629S8S;
				ENABLE_STRICT_OBJC_MSGSEND = YES;
				ENABLE_TESTABILITY = YES;
				ENABLE_USER_SCRIPT_SANDBOXING = YES;
				GCC_C_LANGUAGE_STANDARD = gnu17;
				GCC_DYNAMIC_NO_PIC = NO;
				GCC_NO_COMMON_BLOCKS = YES;
				GCC_OPTIMIZATION_LEVEL = 0;
				GCC_PREPROCESSOR_DEFINITIONS = (
					"DEBUG=1",
					"$(inherited)",
				);
				GCC_WARN_64_TO_32_BIT_CONVERSION = YES;
				GCC_WARN_ABOUT_RETURN_TYPE = YES_ERROR;
				GCC_WARN_UNDECLARED_SELECTOR = YES;
				GCC_WARN_UNINITIALIZED_AUTOS = YES_AGGRESSIVE;
				GCC_WARN_UNUSED_FUNCTION = YES;
				GCC_WARN_UNUSED_VARIABLE = YES;
				IPHONEOS_DEPLOYMENT_TARGET = 18.0;
				LOCALIZATION_PREFERS_STRING_CATALOGS = YES;
				MTL_ENABLE_DEBUG_INFO = INCLUDE_SOURCE;
				MTL_FAST_MATH = YES;
				ONLY_ACTIVE_ARCH = YES;
				SDKROOT = iphoneos;
				STRING_CATALOG_GENERATE_SYMBOLS = YES;
				SWIFT_ACTIVE_COMPILATION_CONDITIONS = "DEBUG $(inherited)";
				SWIFT_OPTIMIZATION_LEVEL = "-Onone";
			};
			name = Debug;
		};
		82F82F922F4CB68000CA6205 /* Release */ = {
			isa = XCBuildConfiguration;
			buildSettings = {
				ALWAYS_SEARCH_USER_PATHS = NO;
				ASSETCATALOG_COMPILER_GENERATE_SWIFT_ASSET_SYMBOL_EXTENSIONS = YES;
				CLANG_ANALYZER_NONNULL = YES;
				CLANG_ANALYZER_NUMBER_OBJECT_CONVERSION = YES_AGGRESSIVE;
				CLANG_CXX_LANGUAGE_STANDARD = "gnu++20";
				CLANG_ENABLE_MODULES = YES;
				CLANG_ENABLE_OBJC_ARC = YES;
				CLANG_ENABLE_OBJC_WEAK = YES;
				CLANG_WARN_BLOCK_CAPTURE_AUTORELEASING = YES;
				CLANG_WARN_BOOL_CONVERSION = YES;
				CLANG_WARN_COMMA = YES;
				CLANG_WARN_CONSTANT_CONVERSION = YES;
				CLANG_WARN_DEPRECATED_OBJC_IMPLEMENTATIONS = YES;
				CLANG_WARN_DIRECT_OBJC_ISA_USAGE = YES_ERROR;
				CLANG_WARN_DOCUMENTATION_COMMENTS = YES;
				CLANG_WARN_EMPTY_BODY = YES;
				CLANG_WARN_ENUM_CONVERSION = YES;
				CLANG_WARN_INFINITE_RECURSION = YES;
				CLANG_WARN_INT_CONVERSION = YES;
				CLANG_WARN_NON_LITERAL_NULL_CONVERSION = YES;
				CLANG_WARN_OBJC_IMPLICIT_RETAIN_SELF = YES;
				CLANG_WARN_OBJC_LITERAL_CONVERSION = YES;
				CLANG_WARN_OBJC_ROOT_CLASS = YES_ERROR;
				CLANG_WARN_QUOTED_INCLUDE_IN_FRAMEWORK_HEADER = YES;
				CLANG_WARN_RANGE_LOOP_ANALYSIS = YES;
				CLANG_WARN_STRICT_PROTOTYPES = YES;
				CLANG_WARN_SUSPICIOUS_MOVE = YES;
				CLANG_WARN_UNGUARDED_AVAILABILITY = YES_AGGRESSIVE;
				CLANG_WARN_UNREACHABLE_CODE = YES;
				CLANG_WARN__DUPLICATE_METHOD_MATCH = YES;
				COPY_PHASE_STRIP = NO;
				DEBUG_INFORMATION_FORMAT = "dwarf-with-dsym";
				DEVELOPMENT_TEAM = K392629S8S;
				ENABLE_NS_ASSERTIONS = NO;
				ENABLE_STRICT_OBJC_MSGSEND = YES;
				ENABLE_USER_SCRIPT_SANDBOXING = YES;
				GCC_C_LANGUAGE_STANDARD = gnu17;
				GCC_NO_COMMON_BLOCKS = YES;
				GCC_WARN_64_TO_32_BIT_CONVERSION = YES;
				GCC_WARN_ABOUT_RETURN_TYPE = YES_ERROR;
				GCC_WARN_UNDECLARED_SELECTOR = YES;
				GCC_WARN_UNINITIALIZED_AUTOS = YES_AGGRESSIVE;
				GCC_WARN_UNUSED_FUNCTION = YES;
				GCC_WARN_UNUSED_VARIABLE = YES;
				IPHONEOS_DEPLOYMENT_TARGET = 18.0;
				LOCALIZATION_PREFERS_STRING_CATALOGS = YES;
				MTL_ENABLE_DEBUG_INFO = NO;
				MTL_FAST_MATH = YES;
				SDKROOT = iphoneos;
				STRING_CATALOG_GENERATE_SYMBOLS = YES;
				SWIFT_COMPILATION_MODE = wholemodule;
				VALIDATE_PRODUCT = YES;
			};
			name = Release;
		};
		82F82F942F4CB68000CA6205 /* Debug */ = {
			isa = XCBuildConfiguration;
			buildSettings = {
				ASSETCATALOG_COMPILER_APPICON_NAME = AppIcon;
				ASSETCATALOG_COMPILER_GLOBAL_ACCENT_COLOR_NAME = AccentColor;
				CODE_SIGN_ENTITLEMENTS = "SporOkonomi/SimpleBudget.entitlements";
				CODE_SIGN_STYLE = Automatic;
				CURRENT_PROJECT_VERSION = 1;
				DEVELOPMENT_TEAM = K392629S8S;
				ENABLE_PREVIEWS = YES;
				GENERATE_INFOPLIST_FILE = YES;
				INFOPLIST_KEY_CFBundleDisplayName = "Spor økonomi";
				INFOPLIST_KEY_CFBundleURLTypes = "{\n    CFBundleTypeRole = Editor;\n    CFBundleURLName = \"com.nithusan.SporOkonomi.auth\";\n    CFBundleURLSchemes =     (\n        sporokonomi\n    );\n}";
				INFOPLIST_KEY_NSFaceIDUsageDescription = "Bruk Face ID for å låse opp appen.";
				INFOPLIST_KEY_SUPABASE_PUBLISHABLE_KEY = "sb_publishable_oEiVNV89KMbag_-jRoCpvw_pQNKoAPT";
				INFOPLIST_KEY_SUPABASE_REDIRECT_HOST = "auth-callback";
				INFOPLIST_KEY_SUPABASE_REDIRECT_SCHEME = sporokonomi;
				INFOPLIST_KEY_SUPABASE_URL = "https://mxgjkrgikgfqccyzubxv.supabase.co";
				INFOPLIST_KEY_UIApplicationSceneManifest_Generation = YES;
				INFOPLIST_KEY_UIApplicationSupportsIndirectInputEvents = YES;
				INFOPLIST_KEY_UILaunchScreen_Generation = YES;
				INFOPLIST_KEY_UISupportedInterfaceOrientations_iPad = "UIInterfaceOrientationPortrait UIInterfaceOrientationPortraitUpsideDown UIInterfaceOrientationLandscapeLeft UIInterfaceOrientationLandscapeRight";
				INFOPLIST_KEY_UISupportedInterfaceOrientations_iPhone = "UIInterfaceOrientationPortrait UIInterfaceOrientationLandscapeLeft UIInterfaceOrientationLandscapeRight";
				LD_RUNPATH_SEARCH_PATHS = (
					"$(inherited)",
					"@executable_path/Frameworks",
				);
				MARKETING_VERSION = 1.0;
				PRODUCT_BUNDLE_IDENTIFIER = "com.nithusan.SporOkonomi";
				PRODUCT_NAME = "$(TARGET_NAME)";
				STRING_CATALOG_GENERATE_SYMBOLS = YES;
				SWIFT_APPROACHABLE_CONCURRENCY = YES;
				SWIFT_DEFAULT_ACTOR_ISOLATION = MainActor;
				SWIFT_EMIT_LOC_STRINGS = YES;
				SWIFT_UPCOMING_FEATURE_MEMBER_IMPORT_VISIBILITY = YES;
				SWIFT_VERSION = 5.0;
				TARGETED_DEVICE_FAMILY = "1,2";
			};
			name = Debug;
		};
		82F82F952F4CB68000CA6205 /* Release */ = {
			isa = XCBuildConfiguration;
			buildSettings = {
				ASSETCATALOG_COMPILER_APPICON_NAME = AppIcon;
				ASSETCATALOG_COMPILER_GLOBAL_ACCENT_COLOR_NAME = AccentColor;
				CODE_SIGN_ENTITLEMENTS = "SporOkonomi/SimpleBudget.entitlements";
				CODE_SIGN_STYLE = Automatic;
				CURRENT_PROJECT_VERSION = 1;
				DEVELOPMENT_TEAM = K392629S8S;
				ENABLE_PREVIEWS = YES;
				GENERATE_INFOPLIST_FILE = YES;
				INFOPLIST_KEY_CFBundleDisplayName = "Spor økonomi";
				INFOPLIST_KEY_CFBundleURLTypes = "{\n    CFBundleTypeRole = Editor;\n    CFBundleURLName = \"com.nithusan.SporOkonomi.auth\";\n    CFBundleURLSchemes =     (\n        sporokonomi\n    );\n}";
				INFOPLIST_KEY_NSFaceIDUsageDescription = "Bruk Face ID for å låse opp appen.";
				INFOPLIST_KEY_SUPABASE_PUBLISHABLE_KEY = "sb_publishable_oEiVNV89KMbag_-jRoCpvw_pQNKoAPT";
				INFOPLIST_KEY_SUPABASE_REDIRECT_HOST = "auth-callback";
				INFOPLIST_KEY_SUPABASE_REDIRECT_SCHEME = sporokonomi;
				INFOPLIST_KEY_SUPABASE_URL = "https://mxgjkrgikgfqccyzubxv.supabase.co";
				INFOPLIST_KEY_UIApplicationSceneManifest_Generation = YES;
				INFOPLIST_KEY_UIApplicationSupportsIndirectInputEvents = YES;
				INFOPLIST_KEY_UILaunchScreen_Generation = YES;
				INFOPLIST_KEY_UISupportedInterfaceOrientations_iPad = "UIInterfaceOrientationPortrait UIInterfaceOrientationPortraitUpsideDown UIInterfaceOrientationLandscapeLeft UIInterfaceOrientationLandscapeRight";
				INFOPLIST_KEY_UISupportedInterfaceOrientations_iPhone = "UIInterfaceOrientationPortrait UIInterfaceOrientationLandscapeLeft UIInterfaceOrientationLandscapeRight";
				LD_RUNPATH_SEARCH_PATHS = (
					"$(inherited)",
					"@executable_path/Frameworks",
				);
				MARKETING_VERSION = 1.0;
				PRODUCT_BUNDLE_IDENTIFIER = "com.nithusan.SporOkonomi";
				PRODUCT_NAME = "$(TARGET_NAME)";
				STRING_CATALOG_GENERATE_SYMBOLS = YES;
				SWIFT_APPROACHABLE_CONCURRENCY = YES;
				SWIFT_DEFAULT_ACTOR_ISOLATION = MainActor;
				SWIFT_EMIT_LOC_STRINGS = YES;
				SWIFT_UPCOMING_FEATURE_MEMBER_IMPORT_VISIBILITY = YES;
				SWIFT_VERSION = 5.0;
				TARGETED_DEVICE_FAMILY = "1,2";
			};
			name = Release;
		};
		82F82F972F4CB68000CA6205 /* Debug */ = {
			isa = XCBuildConfiguration;
			buildSettings = {
				BUNDLE_LOADER = "$(TEST_HOST)";
				CODE_SIGN_STYLE = Automatic;
				CURRENT_PROJECT_VERSION = 1;
				DEVELOPMENT_TEAM = K392629S8S;
				GENERATE_INFOPLIST_FILE = YES;
				IPHONEOS_DEPLOYMENT_TARGET = 18.0;
				MARKETING_VERSION = 1.0;
				PRODUCT_BUNDLE_IDENTIFIER = "com.nithusan.SporOkonomiTests";
				PRODUCT_NAME = "$(TARGET_NAME)";
				STRING_CATALOG_GENERATE_SYMBOLS = NO;
				SWIFT_APPROACHABLE_CONCURRENCY = YES;
				SWIFT_EMIT_LOC_STRINGS = NO;
				SWIFT_UPCOMING_FEATURE_MEMBER_IMPORT_VISIBILITY = YES;
				SWIFT_VERSION = 5.0;
				TARGETED_DEVICE_FAMILY = "1,2";
				TEST_HOST = "$(BUILT_PRODUCTS_DIR)/SporOkonomi.app/$(BUNDLE_EXECUTABLE_FOLDER_PATH)/SporOkonomi";
			};
			name = Debug;
		};
		82F82F982F4CB68000CA6205 /* Release */ = {
			isa = XCBuildConfiguration;
			buildSettings = {
				BUNDLE_LOADER = "$(TEST_HOST)";
				CODE_SIGN_STYLE = Automatic;
				CURRENT_PROJECT_VERSION = 1;
				DEVELOPMENT_TEAM = K392629S8S;
				GENERATE_INFOPLIST_FILE = YES;
				IPHONEOS_DEPLOYMENT_TARGET = 18.0;
				MARKETING_VERSION = 1.0;
				PRODUCT_BUNDLE_IDENTIFIER = "com.nithusan.SporOkonomiTests";
				PRODUCT_NAME = "$(TARGET_NAME)";
				STRING_CATALOG_GENERATE_SYMBOLS = NO;
				SWIFT_APPROACHABLE_CONCURRENCY = YES;
				SWIFT_EMIT_LOC_STRINGS = NO;
				SWIFT_UPCOMING_FEATURE_MEMBER_IMPORT_VISIBILITY = YES;
				SWIFT_VERSION = 5.0;
				TARGETED_DEVICE_FAMILY = "1,2";
				TEST_HOST = "$(BUILT_PRODUCTS_DIR)/SporOkonomi.app/$(BUNDLE_EXECUTABLE_FOLDER_PATH)/SporOkonomi";
			};
			name = Release;
		};
		82F82F9A2F4CB68000CA6205 /* Debug */ = {
			isa = XCBuildConfiguration;
			buildSettings = {
				CODE_SIGN_STYLE = Automatic;
				CURRENT_PROJECT_VERSION = 1;
				DEVELOPMENT_TEAM = K392629S8S;
				GENERATE_INFOPLIST_FILE = YES;
				MARKETING_VERSION = 1.0;
				PRODUCT_BUNDLE_IDENTIFIER = "com.nithusan.SporOkonomiUITests";
				PRODUCT_NAME = "$(TARGET_NAME)";
				STRING_CATALOG_GENERATE_SYMBOLS = NO;
				SWIFT_APPROACHABLE_CONCURRENCY = YES;
				SWIFT_EMIT_LOC_STRINGS = NO;
				SWIFT_UPCOMING_FEATURE_MEMBER_IMPORT_VISIBILITY = YES;
				SWIFT_VERSION = 5.0;
				TARGETED_DEVICE_FAMILY = "1,2";
				TEST_TARGET_NAME = "SporOkonomi";
			};
			name = Debug;
		};
		82F82F9B2F4CB68000CA6205 /* Release */ = {
			isa = XCBuildConfiguration;
			buildSettings = {
				CODE_SIGN_STYLE = Automatic;
				CURRENT_PROJECT_VERSION = 1;
				DEVELOPMENT_TEAM = K392629S8S;
				GENERATE_INFOPLIST_FILE = YES;
				MARKETING_VERSION = 1.0;
				PRODUCT_BUNDLE_IDENTIFIER = "com.nithusan.SporOkonomiUITests";
				PRODUCT_NAME = "$(TARGET_NAME)";
				STRING_CATALOG_GENERATE_SYMBOLS = NO;
				SWIFT_APPROACHABLE_CONCURRENCY = YES;
				SWIFT_EMIT_LOC_STRINGS = NO;
				SWIFT_UPCOMING_FEATURE_MEMBER_IMPORT_VISIBILITY = YES;
				SWIFT_VERSION = 5.0;
				TARGETED_DEVICE_FAMILY = "1,2";
				TEST_TARGET_NAME = "SporOkonomi";
			};
			name = Release;
		};
/* End XCBuildConfiguration section */

/* Begin XCConfigurationList section */
		82F82F6D2F4CB67E00CA6205 /* Build configuration list for PBXProject "SporOkonomi" */ = {
			isa = XCConfigurationList;
			buildConfigurations = (
				82F82F912F4CB68000CA6205 /* Debug */,
				82F82F922F4CB68000CA6205 /* Release */,
			);
			defaultConfigurationIsVisible = 0;
			defaultConfigurationName = Release;
		};
		82F82F932F4CB68000CA6205 /* Build configuration list for PBXNativeTarget "SporOkonomi" */ = {
			isa = XCConfigurationList;
			buildConfigurations = (
				82F82F942F4CB68000CA6205 /* Debug */,
				82F82F952F4CB68000CA6205 /* Release */,
			);
			defaultConfigurationIsVisible = 0;
			defaultConfigurationName = Release;
		};
		82F82F962F4CB68000CA6205 /* Build configuration list for PBXNativeTarget "SporOkonomiTests" */ = {
			isa = XCConfigurationList;
			buildConfigurations = (
				82F82F972F4CB68000CA6205 /* Debug */,
				82F82F982F4CB68000CA6205 /* Release */,
			);
			defaultConfigurationIsVisible = 0;
			defaultConfigurationName = Release;
		};
		82F82F992F4CB68000CA6205 /* Build configuration list for PBXNativeTarget "SporOkonomiUITests" */ = {
			isa = XCConfigurationList;
			buildConfigurations = (
				82F82F9A2F4CB68000CA6205 /* Debug */,
				82F82F9B2F4CB68000CA6205 /* Release */,
			);
			defaultConfigurationIsVisible = 0;
			defaultConfigurationName = Release;
		};
/* End XCConfigurationList section */
	};
	rootObject = 82F82F6A2F4CB67E00CA6205 /* Project object */;
}
